
Microsoft Visual Studio Solution File, Format Version 12.00
# Visual Studio 15
VisualStudioVersion = 15.0.28010.2041
MinimumVisualStudioVersion = 10.0.40219.1
Project("{FAE04EC0-301F-11D3-BF4B-00C04F79EFBC}") = "ContosoSite", "ContosoSite\ContosoSite.csproj", "{2924885F-E839-49CB-BCDB-94AA59797467}"
EndProject
Global
	GlobalSection(SolutionConfigurationPlatforms) = preSolution
		Debug|Any CPU = Debug|Any CPU
		Release|Any CPU = Release|Any CPU
	EndGlobalSection
	GlobalSection(ProjectConfigurationPlatforms) = postSolution
		{2924885F-E839-49CB-BCDB-94AA59797467}.Debug|Any CPU.ActiveCfg = Debug|Any CPU
		{2924885F-E839-49CB-BCDB-94AA59797467}.Debug|Any CPU.Build.0 = Debug|Any CPU
		{2924885F-E839-49CB-BCDB-94AA59797467}.Release|Any CPU.ActiveCfg = Release|Any CPU
		{2924885F-E839-49CB-BCDB-94AA59797467}.Release|Any CPU.Build.0 = Release|Any CPU
	EndGlobalSection
	GlobalSection(SolutionProperties) = preSolution
		HideSolutionNode = FALSE
	EndGlobalSection
	GlobalSection(ExtensibilityGlobals) = postSolution
		SolutionGuid = {F39C903C-7243-4D5F-B2E6-ECA0BB9D08CA}
	EndGlobalSection
EndGlobal
